
Microsoft Visual Studio Solution File, Format Version 12.00
# Visual Studio Version 16
VisualStudioVersion = 16.0.810.20
MinimumVisualStudioVersion = 10.0.40219.1
Project("{FAE04EC0-301F-11D3-BF4B-00C04F79EFBC}") = "Stratregy", "Stratregy\Stratregy.csproj", "{BA764F09-00ED-4351-8654-7D86103E1586}"
EndProject
Global
	GlobalSection(SolutionConfigurationPlatforms) = preSolution
		Debug|Any CPU = Debug|Any CPU
		Release|Any CPU = Release|Any CPU
	EndGlobalSection
	GlobalSection(ProjectConfigurationPlatforms) = postSolution
		{BA764F09-00ED-4351-8654-7D86103E1586}.Debug|Any CPU.ActiveCfg = Debug|Any CPU
		{BA764F09-00ED-4351-8654-7D86103E1586}.Debug|Any CPU.Build.0 = Debug|Any CPU
		{BA764F09-00ED-4351-8654-7D86103E1586}.Release|Any CPU.ActiveCfg = Release|Any CPU
		{BA764F09-00ED-4351-8654-7D86103E1586}.Release|Any CPU.Build.0 = Release|Any CPU
	EndGlobalSection
	GlobalSection(SolutionProperties) = preSolution
		HideSolutionNode = FALSE
	EndGlobalSection
	GlobalSection(ExtensibilityGlobals) = postSolution
		SolutionGuid = {37F51D60-8E56-4C9C-9C3E-D90D57418508}
	EndGlobalSection
EndGlobal
